
Microsoft Visual Studio Solution File, Format Version 12.00
# Visual Studio Version 16
VisualStudioVersion = 16.0.32002.261
MinimumVisualStudioVersion = 10.0.40219.1
Project("{9A19103F-16F7-4668-BE54-9A1E7A4F7556}") = "HostClientApplication", "HostClientApplication\HostClientApplication.csproj", "{437886C2-10C3-4A83-B0BE-E91C2B776DAE}"
EndProject
Project("{9A19103F-16F7-4668-BE54-9A1E7A4F7556}") = "HostAPI", "HostAPI\HostAPI.csproj", "{CD9BBEA7-0024-44AE-9C69-8BC12C01FB95}"
EndProject
Global
	GlobalSection(SolutionConfigurationPlatforms) = preSolution
		Debug|Any CPU = Debug|Any CPU
		Release|Any CPU = Release|Any CPU
	EndGlobalSection
	GlobalSection(ProjectConfigurationPlatforms) = postSolution
		{437886C2-10C3-4A83-B0BE-E91C2B776DAE}.Debug|Any CPU.ActiveCfg = Debug|Any CPU
		{437886C2-10C3-4A83-B0BE-E91C2B776DAE}.Debug|Any CPU.Build.0 = Debug|Any CPU
		{437886C2-10C3-4A83-B0BE-E91C2B776DAE}.Release|Any CPU.ActiveCfg = Release|Any CPU
		{437886C2-10C3-4A83-B0BE-E91C2B776DAE}.Release|Any CPU.Build.0 = Release|Any CPU
		{CD9BBEA7-0024-44AE-9C69-8BC12C01FB95}.Debug|Any CPU.ActiveCfg = Debug|Any CPU
		{CD9BBEA7-0024-44AE-9C69-8BC12C01FB95}.Debug|Any CPU.Build.0 = Debug|Any CPU
		{CD9BBEA7-0024-44AE-9C69-8BC12C01FB95}.Release|Any CPU.ActiveCfg = Release|Any CPU
		{CD9BBEA7-0024-44AE-9C69-8BC12C01FB95}.Release|Any CPU.Build.0 = Release|Any CPU
	EndGlobalSection
	GlobalSection(SolutionProperties) = preSolution
		HideSolutionNode = FALSE
	EndGlobalSection
	GlobalSection(ExtensibilityGlobals) = postSolution
		SolutionGuid = {6C018244-CD7F-496F-9B0C-06C8A3C10B40}
	EndGlobalSection
EndGlobal
